PODS:
  - Alamofire (5.4.4)
  - FSCalendar (2.8.2)
  - IQKeyboardManagerSwift (6.5.9)
  - KAPinField (5.0.2)
  - lottie-ios (3.3.0)
  - MaterialComponents/AnimationTiming (124.2.0)
  - MaterialComponents/Availability (124.2.0)
  - MaterialComponents/private/Math (124.2.0)
  - "MaterialComponents/private/TextControlsPrivate+BaseStyle (124.2.0)":
    - MaterialComponents/AnimationTiming
    - MaterialComponents/private/Math
    - "MaterialComponents/private/TextControlsPrivate+Shared"
  - "MaterialComponents/private/TextControlsPrivate+OutlinedStyle (124.2.0)":
    - MaterialComponents/AnimationTiming
    - MaterialComponents/Availability
    - MaterialComponents/private/Math
    - "MaterialComponents/private/TextControlsPrivate+Shared"
  - "MaterialComponents/private/TextControlsPrivate+Shared (124.2.0)":
    - MaterialComponents/AnimationTiming
    - MaterialComponents/private/Math
    - "MaterialComponents/TextControls+Enums"
  - "MaterialComponents/private/TextControlsPrivate+TextFields (124.2.0)":
    - MaterialComponents/private/Math
    - "MaterialComponents/private/TextControlsPrivate+Shared"
  - "MaterialComponents/TextControls+BaseTextFields (124.2.0)":
    - "MaterialComponents/private/TextControlsPrivate+BaseStyle"
    - "MaterialComponents/private/TextControlsPrivate+Shared"
    - "MaterialComponents/private/TextControlsPrivate+TextFields"
    - MDFInternationalization
  - "MaterialComponents/TextControls+Enums (124.2.0)"
  - "MaterialComponents/TextControls+OutlinedTextFields (124.2.0)":
    - MaterialComponents/Availability
    - "MaterialComponents/private/TextControlsPrivate+OutlinedStyle"
    - "MaterialComponents/TextControls+BaseTextFields"
  - MBProgressHUD (1.2.0)
  - MBRadioCheckboxButton (2.0)
  - MDFInternationalization (3.0.0)
  - ObjectMapper (4.2.0)
  - OnboardKit (1.5.0)
  - SDWebImage (5.12.1):
    - SDWebImage/Core (= 5.12.1)
  - SDWebImage/Core (5.12.1)
  - SwiftyJSON (4.3.0)
  - WeScan (1.7.0)

DEPENDENCIES:
  - Alamofire
  - FSCalendar
  - IQKeyboardManagerSwift
  - KAPinField
  - lottie-ios
  - "MaterialComponents/TextControls+OutlinedTextFields"
  - MBProgressHUD
  - MBRadioCheckboxButton
  - ObjectMapper
  - OnboardKit
  - SDWebImage (~> 5.0)
  - SwiftyJSON (~> 4.0)
  - WeScan (>= 0.9)

SPEC REPOS:
  trunk:
    - Alamofire
    - FSCalendar
    - IQKeyboardManagerSwift
    - KAPinField
    - lottie-ios
    - MaterialComponents
    - MBProgressHUD
    - MBRadioCheckboxButton
    - MDFInternationalization
    - ObjectMapper
    - OnboardKit
    - SDWebImage
    - SwiftyJSON
    - WeScan

SPEC CHECKSUMS:
  Alamofire: f3b09a368f1582ab751b3fff5460276e0d2cf5c9
  FSCalendar: e6a2eb9c571bf0719ed797ef807e08426753c241
  IQKeyboardManagerSwift: 6e839c575c4aa1078d58a596e41244e77abe918f
  KAPinField: b7c0a68a3887f3a1c42446bfc4cbf76d5abf0f4f
  lottie-ios: 6ac74dcc09904798f59b18cb3075c089d76be9ae
  MaterialComponents: 1a9b2d9d45b1601ae544de85089adc4c464306d4
  MBProgressHUD: 3ee5efcc380f6a79a7cc9b363dd669c5e1ae7406
  MBRadioCheckboxButton: 6e2a2cdc441e292e45b64c4e65eb8fc1fc05eef2
  MDFInternationalization: d697c55307816222a55685c4ccb1044ffb030c12
  ObjectMapper: 1eb41f610210777375fa806bf161dc39fb832b81
  OnboardKit: 73a4e9c9a1ae88afee0514ac3f2bc4f82126b66e
  SDWebImage: 4dc3e42d9ec0c1028b960a33ac6b637bb432207b
  SwiftyJSON: 6faa0040f8b59dead0ee07436cbf76b73c08fd08
  WeScan: fed582f6c38014d529afb5aa9ffd1bad38fc72b7

PODFILE CHECKSUM: 4348dedbf719b811920d32ad178038312e3f8167

COCOAPODS: 1.11.2
